
Microsoft Visual Studio Solution File, Format Version 12.00
# Visual Studio 15
VisualStudioVersion = 15.0.27428.2043
MinimumVisualStudioVersion = 10.0.40219.1
Project("{9A19103F-16F7-4668-BE54-9A1E7A4F7556}") = "JetBrains.Profiler.Api", "JetBrains.Profiler.Api.csproj", "{C5B892A7-A9E1-4682-B821-40227B16A056}"
EndProject
Global
	GlobalSection(SolutionConfigurationPlatforms) = preSolution
		Debug|Any CPU = Debug|Any CPU
		Release|Any CPU = Release|Any CPU
	EndGlobalSection
	GlobalSection(ProjectConfigurationPlatforms) = postSolution
		{C5B892A7-A9E1-4682-B821-40227B16A056}.Debug|Any CPU.ActiveCfg = Debug|Any CPU
		{C5B892A7-A9E1-4682-B821-40227B16A056}.Debug|Any CPU.Build.0 = Debug|Any CPU
		{C5B892A7-A9E1-4682-B821-40227B16A056}.Release|Any CPU.ActiveCfg = Release|Any CPU
		{C5B892A7-A9E1-4682-B821-40227B16A056}.Release|Any CPU.Build.0 = Release|Any CPU
	EndGlobalSection
	GlobalSection(SolutionProperties) = preSolution
		HideSolutionNode = FALSE
	EndGlobalSection
	GlobalSection(ExtensibilityGlobals) = postSolution
		SolutionGuid = {D857D321-70A4-418D-8823-9EF35305F658}
	EndGlobalSection
EndGlobal
